
Microsoft Visual Studio Solution File, Format Version 12.00
# Visual Studio Version 16
VisualStudioVersion = 16.0.30907.101
MinimumVisualStudioVersion = 10.0.40219.1
Project("{FAE04EC0-301F-11D3-BF4B-00C04F79EFBC}") = "Assignment1", "Assignment1.csproj", "{EC21C71A-53F5-42DA-9AE5-23E35F726352}"
EndProject
Global
	GlobalSection(SolutionConfigurationPlatforms) = preSolution
		Debug|Any CPU = Debug|Any CPU
		Release|Any CPU = Release|Any CPU
	EndGlobalSection
	GlobalSection(ProjectConfigurationPlatforms) = postSolution
		{EC21C71A-53F5-42DA-9AE5-23E35F726352}.Debug|Any CPU.ActiveCfg = Debug|Any CPU
		{EC21C71A-53F5-42DA-9AE5-23E35F726352}.Debug|Any CPU.Build.0 = Debug|Any CPU
		{EC21C71A-53F5-42DA-9AE5-23E35F726352}.Release|Any CPU.ActiveCfg = Release|Any CPU
		{EC21C71A-53F5-42DA-9AE5-23E35F726352}.Release|Any CPU.Build.0 = Release|Any CPU
	EndGlobalSection
	GlobalSection(SolutionProperties) = preSolution
		HideSolutionNode = FALSE
	EndGlobalSection
	GlobalSection(ExtensibilityGlobals) = postSolution
		SolutionGuid = {759D354F-3A62-4007-BDF2-586D8DA61210}
	EndGlobalSection
EndGlobal
